PODS:
  - LEGOAlert (0.1.0):
    - Masonry
  - Masonry (1.1.0)

DEPENDENCIES:
  - LEGOAlert (from `../`)
  - Masonry

SPEC REPOS:
  https://github.com/cocoapods/specs.git:
    - Masonry

EXTERNAL SOURCES:
  LEGOAlert:
    :path: "../"

SPEC CHECKSUMS:
  LEGOAlert: aec1eaad8a0af9dc9ec79058ad57f6ccfb7d587a
  Masonry: 678fab65091a9290e40e2832a55e7ab731aad201

PODFILE CHECKSUM: 77623b69ea487052f7dd0820cb3487e9148b2efc

COCOAPODS: 1.7.4
